# This file is automatically @generated by Cargo.
# It is not intended for manual editing.
version = 3

[[package]]
name = "simpleml"
version = "0.2.1"
dependencies = [
 "tree_iterators_rs",
 "whitespacesv",
]

[[package]]
name = "streaming-iterator"
version = "0.1.9"
source = "registry+https://github.com/rust-lang/crates.io-index"
checksum = "2b2231b7c3057d5e4ad0156fb3dc807d900806020c5ffa3ee6ff2c8c76fb8520"

[[package]]
name = "tree_iterators_rs"
version = "1.2.1"
source = "registry+https://github.com/rust-lang/crates.io-index"
checksum = "35bd22d378c78c58e20672ecd4ec4507a43325742daa79c5db037de084eb5f0c"
dependencies = [
 "streaming-iterator",
]

[[package]]
name = "whitespacesv"
version = "1.0.1"
source = "registry+https://github.com/rust-lang/crates.io-index"
checksum = "7dfcd9b7b2a35ddbe9816b6a56669029518481ab1efd180a702eefed0b686e0b"
